
Microsoft Visual Studio Solution File, Format Version 11.00
# Visual Studio 2010
Project("{8BC9CEB8-8B4A-11D0-8D11-00A0C91BC942}") = "词频统计程序（链表）", "词频统计程序（链表）\词频统计程序（链表）.vcxproj", "{E32A8586-8781-4C65-84B7-78F465DA9119}"
EndProject
Global
	GlobalSection(SolutionConfigurationPlatforms) = preSolution
		Debug|Win32 = Debug|Win32
		Release|Win32 = Release|Win32
	EndGlobalSection
	GlobalSection(ProjectConfigurationPlatforms) = postSolution
		{E32A8586-8781-4C65-84B7-78F465DA9119}.Debug|Win32.ActiveCfg = Debug|Win32
		{E32A8586-8781-4C65-84B7-78F465DA9119}.Debug|Win32.Build.0 = Debug|Win32
		{E32A8586-8781-4C65-84B7-78F465DA9119}.Release|Win32.ActiveCfg = Release|Win32
		{E32A8586-8781-4C65-84B7-78F465DA9119}.Release|Win32.Build.0 = Release|Win32
	EndGlobalSection
	GlobalSection(SolutionProperties) = preSolution
		HideSolutionNode = FALSE
	EndGlobalSection
EndGlobal
