
Microsoft Visual Studio Solution File, Format Version 9.00
# Visual Studio 2005
Project("{8BC9CEB8-8B4A-11D0-8D11-00A0C91BC942}") = "查找算法的实现与比较(searching)", "查找算法的实现与比较(searching)\查找算法的实现与比较(searching).vcproj", "{F21D7291-200F-4845-A361-80E828F2B3DB}"
EndProject
Global
	GlobalSection(SolutionConfigurationPlatforms) = preSolution
		Debug|Win32 = Debug|Win32
		Release|Win32 = Release|Win32
	EndGlobalSection
	GlobalSection(ProjectConfigurationPlatforms) = postSolution
		{F21D7291-200F-4845-A361-80E828F2B3DB}.Debug|Win32.ActiveCfg = Debug|Win32
		{F21D7291-200F-4845-A361-80E828F2B3DB}.Debug|Win32.Build.0 = Debug|Win32
		{F21D7291-200F-4845-A361-80E828F2B3DB}.Release|Win32.ActiveCfg = Release|Win32
		{F21D7291-200F-4845-A361-80E828F2B3DB}.Release|Win32.Build.0 = Release|Win32
	EndGlobalSection
	GlobalSection(SolutionProperties) = preSolution
		HideSolutionNode = FALSE
	EndGlobalSection
EndGlobal
